
Microsoft Visual Studio Solution File, Format Version 12.00
# Visual Studio Version 16
VisualStudioVersion = 16.0.31005.135
MinimumVisualStudioVersion = 10.0.40219.1
Project("{FAE04EC0-301F-11D3-BF4B-00C04F79EFBC}") = "tasks_week10_evol", "tasks_week10_evol\tasks_week10_evol.csproj", "{7F7EAE70-987F-448B-AD94-3315A23DBC57}"
EndProject
Global
	GlobalSection(SolutionConfigurationPlatforms) = preSolution
		Debug|Any CPU = Debug|Any CPU
		Release|Any CPU = Release|Any CPU
	EndGlobalSection
	GlobalSection(ProjectConfigurationPlatforms) = postSolution
		{7F7EAE70-987F-448B-AD94-3315A23DBC57}.Debug|Any CPU.ActiveCfg = Debug|Any CPU
		{7F7EAE70-987F-448B-AD94-3315A23DBC57}.Debug|Any CPU.Build.0 = Debug|Any CPU
		{7F7EAE70-987F-448B-AD94-3315A23DBC57}.Release|Any CPU.ActiveCfg = Release|Any CPU
		{7F7EAE70-987F-448B-AD94-3315A23DBC57}.Release|Any CPU.Build.0 = Release|Any CPU
	EndGlobalSection
	GlobalSection(SolutionProperties) = preSolution
		HideSolutionNode = FALSE
	EndGlobalSection
	GlobalSection(ExtensibilityGlobals) = postSolution
		SolutionGuid = {805849F2-F08B-4A32-8625-8D752E2189F5}
	EndGlobalSection
EndGlobal
