
Microsoft Visual Studio Solution File, Format Version 12.00
# Visual Studio Version 16
VisualStudioVersion = 16.0.31005.135
MinimumVisualStudioVersion = 10.0.40219.1
Project("{FAE04EC0-301F-11D3-BF4B-00C04F79EFBC}") = "dev_task_week05", "dev_task_week05\dev_task_week05.csproj", "{16E40B5F-803A-4743-BA51-76F787181107}"
EndProject
Global
	GlobalSection(SolutionConfigurationPlatforms) = preSolution
		Debug|Any CPU = Debug|Any CPU
		Release|Any CPU = Release|Any CPU
	EndGlobalSection
	GlobalSection(ProjectConfigurationPlatforms) = postSolution
		{16E40B5F-803A-4743-BA51-76F787181107}.Debug|Any CPU.ActiveCfg = Debug|Any CPU
		{16E40B5F-803A-4743-BA51-76F787181107}.Debug|Any CPU.Build.0 = Debug|Any CPU
		{16E40B5F-803A-4743-BA51-76F787181107}.Release|Any CPU.ActiveCfg = Release|Any CPU
		{16E40B5F-803A-4743-BA51-76F787181107}.Release|Any CPU.Build.0 = Release|Any CPU
	EndGlobalSection
	GlobalSection(SolutionProperties) = preSolution
		HideSolutionNode = FALSE
	EndGlobalSection
	GlobalSection(ExtensibilityGlobals) = postSolution
		SolutionGuid = {F6D79A11-0428-4A11-AAA4-B39AF6E94AB7}
	EndGlobalSection
EndGlobal
